
Microsoft Visual Studio Solution File, Format Version 12.00
# Visual Studio Version 17
VisualStudioVersion = 17.9.34728.123
MinimumVisualStudioVersion = 10.0.40219.1
Project("{FAE04EC0-301F-11D3-BF4B-00C04F79EFBC}") = "CApp", "CApp\CApp.csproj", "{A727C5A2-AA82-443B-A2ED-02E45497708C}"
EndProject
Global
	GlobalSection(SolutionConfigurationPlatforms) = preSolution
		Debug|Any CPU = Debug|Any CPU
		Release|Any CPU = Release|Any CPU
	EndGlobalSection
	GlobalSection(ProjectConfigurationPlatforms) = postSolution
		{A727C5A2-AA82-443B-A2ED-02E45497708C}.Debug|Any CPU.ActiveCfg = Debug|Any CPU
		{A727C5A2-AA82-443B-A2ED-02E45497708C}.Debug|Any CPU.Build.0 = Debug|Any CPU
		{A727C5A2-AA82-443B-A2ED-02E45497708C}.Release|Any CPU.ActiveCfg = Release|Any CPU
		{A727C5A2-AA82-443B-A2ED-02E45497708C}.Release|Any CPU.Build.0 = Release|Any CPU
	EndGlobalSection
	GlobalSection(SolutionProperties) = preSolution
		HideSolutionNode = FALSE
	EndGlobalSection
	GlobalSection(ExtensibilityGlobals) = postSolution
		SolutionGuid = {F299F15B-4AEF-484F-A39B-7B2C67097E13}
	EndGlobalSection
EndGlobal
